// !$*UTF8*$!
{
	archiveVersion = 1;
	classes = {
	};
	objectVersion = 56;
	objects = {

/* Begin PBXBuildFile section */
		EE9F1D6729FC327B0037E458 /* CoffeeGitApp.swift in Sources */ = {isa = PBXBuildFile; fileRef = EE9F1D6629FC327B0037E458 /* CoffeeGitApp.swift */; };
		EE9F1D6929FC327B0037E458 /* ContentView.swift in Sources */ = {isa = PBXBuildFile; fileRef = EE9F1D6829FC327B0037E458 /* ContentView.swift */; };
		EE9F1D6B29FC327C0037E458 /* Assets.xcassets in Resources */ = {isa = PBXBuildFile; fileRef = EE9F1D6A29FC327C0037E458 /* Assets.xcassets */; };
		EE9F1D6E29FC327C0037E458 /* Preview Assets.xcassets in Resources */ = {isa = PBXBuildFile; fileRef = EE9F1D6D29FC327C0037E458 /* Preview Assets.xcassets */; };
		EE9F1D7829FC327C0037E458 /* CoffeeGitTests.swift in Sources */ = {isa = PBXBuildFile; fileRef = EE9F1D7729FC327C0037E458 /* CoffeeGitTests.swift */; };
		EE9F1D8229FC327C0037E458 /* CoffeeGitUITests.swift in Sources */ = {isa = PBXBuildFile; fileRef = EE9F1D8129FC327C0037E458 /* CoffeeGitUITests.swift */; };
		EE9F1D8429FC327C0037E458 /* CoffeeGitUITestsLaunchTests.swift in Sources */ = {isa = PBXBuildFile; fileRef = EE9F1D8329FC327C0037E458 /* CoffeeGitUITestsLaunchTests.swift */; };
/* End PBXBuildFile section */

/* Begin PBXContainerItemProxy section */
		EE9F1D7429FC327C0037E458 /* PBXContainerItemProxy */ = {
			isa = PBXContainerItemProxy;
			containerPortal = EE9F1D5B29FC327B0037E458 /* Project object */;
			proxyType = 1;
			remoteGlobalIDString = EE9F1D6229FC327B0037E458;
			remoteInfo = CoffeeGit;
		};
		EE9F1D7E29FC327C0037E458 /* PBXContainerItemProxy */ = {
			isa = PBXContainerItemProxy;
			containerPortal = EE9F1D5B29FC327B0037E458 /* Project object */;
			proxyType = 1;
			remoteGlobalIDString = EE9F1D6229FC327B0037E458;
			remoteInfo = CoffeeGit;
		};
/* End PBXContainerItemProxy section */

/* Begin PBXFileReference section */
		EE9F1D6329FC327B0037E458 /* CoffeeGit.app */ = {isa = PBXFileReference; explicitFileType = wrapper.application; includeInIndex = 0; path = CoffeeGit.app; sourceTree = BUILT_PRODUCTS_DIR; };
		EE9F1D6629FC327B0037E458 /* CoffeeGitApp.swift */ = {isa = PBXFileReference; lastKnownFileType = sourcecode.swift; path = CoffeeGitApp.swift; sourceTree = "<group>"; };
		EE9F1D6829FC327B0037E458 /* ContentView.swift */ = {isa = PBXFileReference; lastKnownFileType = sourcecode.swift; path = ContentView.swift; sourceTree = "<group>"; };
		EE9F1D6A29FC327C0037E458 /* Assets.xcassets */ = {isa = PBXFileReference; lastKnownFileType = folder.assetcatalog; path = Assets.xcassets; sourceTree = "<group>"; };
		EE9F1D6D29FC327C0037E458 /* Preview Assets.xcassets */ = {isa = PBXFileReference; lastKnownFileType = folder.assetcatalog; path = "Preview Assets.xcassets"; sourceTree = "<group>"; };
		EE9F1D7329FC327C0037E458 /* CoffeeGitTests.xctest */ = {isa = PBXFileReference; explicitFileType = wrapper.cfbundle; includeInIndex = 0; path = CoffeeGitTests.xctest; sourceTree = BUILT_PRODUCTS_DIR; };
		EE9F1D7729FC327C0037E458 /* CoffeeGitTests.swift */ = {isa = PBXFileReference; lastKnownFileType = sourcecode.swift; path = CoffeeGitTests.swift; sourceTree = "<group>"; };
		EE9F1D7D29FC327C0037E458 /* CoffeeGitUITests.xctest */ = {isa = PBXFileReference; explicitFileType = wrapper.cfbundle; includeInIndex = 0; path = CoffeeGitUITests.xctest; sourceTree = BUILT_PRODUCTS_DIR; };
		EE9F1D8129FC327C0037E458 /* CoffeeGitUITests.swift */ = {isa = PBXFileReference; lastKnownFileType = sourcecode.swift; path = CoffeeGitUITests.swift; sourceTree = "<group>"; };
		EE9F1D8329FC327C0037E458 /* CoffeeGitUITestsLaunchTests.swift */ = {isa = PBXFileReference; lastKnownFileType = sourcecode.swift; path = CoffeeGitUITestsLaunchTests.swift; sourceTree = "<group>"; };
/* End PBXFileReference section */

/* Begin PBXFrameworksBuildPhase section */
		EE9F1D6029FC327B0037E458 /* Frameworks */ = {
			isa = PBXFrameworksBuildPhase;
			buildActionMask = 2147483647;
			files = (
			);
			runOnlyForDeploymentPostprocessing = 0;
		};
		EE9F1D7029FC327C0037E458 /* Frameworks */ = {
			isa = PBXFrameworksBuildPhase;
			buildActionMask = 2147483647;
			files = (
			);
			runOnlyForDeploymentPostprocessing = 0;
		};
		EE9F1D7A29FC327C0037E458 /* Frameworks */ = {
			isa = PBXFrameworksBuildPhase;
			buildActionMask = 2147483647;
			files = (
			);
			runOnlyForDeploymentPostprocessing = 0;
		};
/* End PBXFrameworksBuildPhase section */

/* Begin PBXGroup section */
		EE9F1D5A29FC327B0037E458 = {
			isa = PBXGroup;
			children = (
				EE9F1D6529FC327B0037E458 /* CoffeeGit */,
				EE9F1D7629FC327C0037E458 /* CoffeeGitTests */,
				EE9F1D8029FC327C0037E458 /* CoffeeGitUITests */,
				EE9F1D6429FC327B0037E458 /* Products */,
			);
			sourceTree = "<group>";
		};
		EE9F1D6429FC327B0037E458 /* Products */ = {
			isa = PBXGroup;
			children = (
				EE9F1D6329FC327B0037E458 /* CoffeeGit.app */,
				EE9F1D7329FC327C0037E458 /* CoffeeGitTests.xctest */,
				EE9F1D7D29FC327C0037E458 /* CoffeeGitUITests.xctest */,
			);
			name = Products;
			sourceTree = "<group>";
		};
		EE9F1D6529FC327B0037E458 /* CoffeeGit */ = {
			isa = PBXGroup;
			children = (
				EE9F1D6629FC327B0037E458 /* CoffeeGitApp.swift */,
				EE9F1D6829FC327B0037E458 /* ContentView.swift */,
				EE9F1D6A29FC327C0037E458 /* Assets.xcassets */,
				EE9F1D6C29FC327C0037E458 /* Preview Content */,
			);
			path = CoffeeGit;
			sourceTree = "<group>";
		};
		EE9F1D6C29FC327C0037E458 /* Preview Content */ = {
			isa = PBXGroup;
			children = (
				EE9F1D6D29FC327C0037E458 /* Preview Assets.xcassets */,
			);
			path = "Preview Content";
			sourceTree = "<group>";
		};
		EE9F1D7629FC327C0037E458 /* CoffeeGitTests */ = {
			isa = PBXGroup;
			children = (
				EE9F1D7729FC327C0037E458 /* CoffeeGitTests.swift */,
			);
			path = CoffeeGitTests;
			sourceTree = "<group>";
		};
		EE9F1D8029FC327C0037E458 /* CoffeeGitUITests */ = {
			isa = PBXGroup;
			children = (
				EE9F1D8129FC327C0037E458 /* CoffeeGitUITests.swift */,
				EE9F1D8329FC327C0037E458 /* CoffeeGitUITestsLaunchTests.swift */,
			);
			path = CoffeeGitUITests;
			sourceTree = "<group>";
		};
/* End PBXGroup section */

/* Begin PBXNativeTarget section */
		EE9F1D6229FC327B0037E458 /* CoffeeGit */ = {
			isa = PBXNativeTarget;
			buildConfigurationList = EE9F1D8729FC327C0037E458 /* Build configuration list for PBXNativeTarget "CoffeeGit" */;
			buildPhases = (
				EE9F1D5F29FC327B0037E458 /* Sources */,
				EE9F1D6029FC327B0037E458 /* Frameworks */,
				EE9F1D6129FC327B0037E458 /* Resources */,
			);
			buildRules = (
			);
			dependencies = (
			);
			name = CoffeeGit;
			productName = CoffeeGit;
			productReference = EE9F1D6329FC327B0037E458 /* CoffeeGit.app */;
			productType = "com.apple.product-type.application";
		};
		EE9F1D7229FC327C0037E458 /* CoffeeGitTests */ = {
			isa = PBXNativeTarget;
			buildConfigurationList = EE9F1D8A29FC327C0037E458 /* Build configuration list for PBXNativeTarget "CoffeeGitTests" */;
			buildPhases = (
				EE9F1D6F29FC327C0037E458 /* Sources */,
				EE9F1D7029FC327C0037E458 /* Frameworks */,
				EE9F1D7129FC327C0037E458 /* Resources */,
			);
			buildRules = (
			);
			dependencies = (
				EE9F1D7529FC327C0037E458 /* PBXTargetDependency */,
			);
			name = CoffeeGitTests;
			productName = CoffeeGitTests;
			productReference = EE9F1D7329FC327C0037E458 /* CoffeeGitTests.xctest */;
			productType = "com.apple.product-type.bundle.unit-test";
		};
		EE9F1D7C29FC327C0037E458 /* CoffeeGitUITests */ = {
			isa = PBXNativeTarget;
			buildConfigurationList = EE9F1D8D29FC327C0037E458 /* Build configuration list for PBXNativeTarget "CoffeeGitUITests" */;
			buildPhases = (
				EE9F1D7929FC327C0037E458 /* Sources */,
				EE9F1D7A29FC327C0037E458 /* Frameworks */,
				EE9F1D7B29FC327C0037E458 /* Resources */,
			);
			buildRules = (
			);
			dependencies = (
				EE9F1D7F29FC327C0037E458 /* PBXTargetDependency */,
			);
			name = CoffeeGitUITests;
			productName = CoffeeGitUITests;
			productReference = EE9F1D7D29FC327C0037E458 /* CoffeeGitUITests.xctest */;
			productType = "com.apple.product-type.bundle.ui-testing";
		};
/* End PBXNativeTarget section */

/* Begin PBXProject section */
		EE9F1D5B29FC327B0037E458 /* Project object */ = {
			isa = PBXProject;
			attributes = {
				BuildIndependentTargetsInParallel = 1;
				LastSwiftUpdateCheck = 1430;
				LastUpgradeCheck = 1430;
				TargetAttributes = {
					EE9F1D6229FC327B0037E458 = {
						CreatedOnToolsVersion = 14.3;
					};
					EE9F1D7229FC327C0037E458 = {
						CreatedOnToolsVersion = 14.3;
						TestTargetID = EE9F1D6229FC327B0037E458;
					};
					EE9F1D7C29FC327C0037E458 = {
						CreatedOnToolsVersion = 14.3;
						TestTargetID = EE9F1D6229FC327B0037E458;
					};
				};
			};
			buildConfigurationList = EE9F1D5E29FC327B0037E458 /* Build configuration list for PBXProject "CoffeeGit" */;
			compatibilityVersion = "Xcode 14.0";
			developmentRegion = en;
			hasScannedForEncodings = 0;
			knownRegions = (
				en,
				Base,
			);
			mainGroup = EE9F1D5A29FC327B0037E458;
			productRefGroup = EE9F1D6429FC327B0037E458 /* Products */;
			projectDirPath = "";
			projectRoot = "";
			targets = (
				EE9F1D6229FC327B0037E458 /* CoffeeGit */,
				EE9F1D7229FC327C0037E458 /* CoffeeGitTests */,
				EE9F1D7C29FC327C0037E458 /* CoffeeGitUITests */,
			);
		};
/* End PBXProject section */

/* Begin PBXResourcesBuildPhase section */
		EE9F1D6129FC327B0037E458 /* Resources */ = {
			isa = PBXResourcesBuildPhase;
			buildActionMask = 2147483647;
			files = (
				EE9F1D6E29FC327C0037E458 /* Preview Assets.xcassets in Resources */,
				EE9F1D6B29FC327C0037E458 /* Assets.xcassets in Resources */,
			);
			runOnlyForDeploymentPostprocessing = 0;
		};
		EE9F1D7129FC327C0037E458 /* Resources */ = {
			isa = PBXResourcesBuildPhase;
			buildActionMask = 2147483647;
			files = (
			);
			runOnlyForDeploymentPostprocessing = 0;
		};
		EE9F1D7B29FC327C0037E458 /* Resources */ = {
			isa = PBXResourcesBuildPhase;
			buildActionMask = 2147483647;
			files = (
			);
			runOnlyForDeploymentPostprocessing = 0;
		};
/* End PBXResourcesBuildPhase section */

/* Begin PBXSourcesBuildPhase section */
		EE9F1D5F29FC327B0037E458 /* Sources */ = {
			isa = PBXSourcesBuildPhase;
			buildActionMask = 2147483647;
			files = (
				EE9F1D6929FC327B0037E458 /* ContentView.swift in Sources */,
				EE9F1D6729FC327B0037E458 /* CoffeeGitApp.swift in Sources */,
			);
			runOnlyForDeploymentPostprocessing = 0;
		};
		EE9F1D6F29FC327C0037E458 /* Sources */ = {
			isa = PBXSourcesBuildPhase;
			buildActionMask = 2147483647;
			files = (
				EE9F1D7829FC327C0037E458 /* CoffeeGitTests.swift in Sources */,
			);
			runOnlyForDeploymentPostprocessing = 0;
		};
		EE9F1D7929FC327C0037E458 /* Sources */ = {
			isa = PBXSourcesBuildPhase;
			buildActionMask = 2147483647;
			files = (
				EE9F1D8229FC327C0037E458 /* CoffeeGitUITests.swift in Sources */,
				EE9F1D8429FC327C0037E458 /* CoffeeGitUITestsLaunchTests.swift in Sources */,
			);
			runOnlyForDeploymentPostprocessing = 0;
		};
/* End PBXSourcesBuildPhase section */

/* Begin PBXTargetDependency section */
		EE9F1D7529FC327C0037E458 /* PBXTargetDependency */ = {
			isa = PBXTargetDependency;
			target = EE9F1D6229FC327B0037E458 /* CoffeeGit */;
			targetProxy = EE9F1D7429FC327C0037E458 /* PBXContainerItemProxy */;
		};
		EE9F1D7F29FC327C0037E458 /* PBXTargetDependency */ = {
			isa = PBXTargetDependency;
			target = EE9F1D6229FC327B0037E458 /* CoffeeGit */;
			targetProxy = EE9F1D7E29FC327C0037E458 /* PBXContainerItemProxy */;
		};
/* End PBXTargetDependency section */

/* Begin XCBuildConfiguration section */
		EE9F1D8529FC327C0037E458 /* Debug */ = {
			isa = XCBuildConfiguration;
			buildSettings = {
				ALWAYS_SEARCH_USER_PATHS = NO;
				CLANG_ANALYZER_NONNULL = YES;
				CLANG_ANALYZER_NUMBER_OBJECT_CONVERSION = YES_AGGRESSIVE;
				CLANG_CXX_LANGUAGE_STANDARD = "gnu++20";
				CLANG_ENABLE_MODULES = YES;
				CLANG_ENABLE_OBJC_ARC = YES;
				CLANG_ENABLE_OBJC_WEAK = YES;
				CLANG_WARN_BLOCK_CAPTURE_AUTORELEASING = YES;
				CLANG_WARN_BOOL_CONVERSION = YES;
				CLANG_WARN_COMMA = YES;
				CLANG_WARN_CONSTANT_CONVERSION = YES;
				CLANG_WARN_DEPRECATED_OBJC_IMPLEMENTATIONS = YES;
				CLANG_WARN_DIRECT_OBJC_ISA_USAGE = YES_ERROR;
				CLANG_WARN_DOCUMENTATION_COMMENTS = YES;
				CLANG_WARN_EMPTY_BODY = YES;
				CLANG_WARN_ENUM_CONVERSION = YES;
				CLANG_WARN_INFINITE_RECURSION = YES;
				CLANG_WARN_INT_CONVERSION = YES;
				CLANG_WARN_NON_LITERAL_NULL_CONVERSION = YES;
				CLANG_WARN_OBJC_IMPLICIT_RETAIN_SELF = YES;
				CLANG_WARN_OBJC_LITERAL_CONVERSION = YES;
				CLANG_WARN_OBJC_ROOT_CLASS = YES_ERROR;
				CLANG_WARN_QUOTED_INCLUDE_IN_FRAMEWORK_HEADER = YES;
				CLANG_WARN_RANGE_LOOP_ANALYSIS = YES;
				CLANG_WARN_STRICT_PROTOTYPES = YES;
				CLANG_WARN_SUSPICIOUS_MOVE = YES;
				CLANG_WARN_UNGUARDED_AVAILABILITY = YES_AGGRESSIVE;
				CLANG_WARN_UNREACHABLE_CODE = YES;
				CLANG_WARN__DUPLICATE_METHOD_MATCH = YES;
				COPY_PHASE_STRIP = NO;
				DEBUG_INFORMATION_FORMAT = dwarf;
				ENABLE_STRICT_OBJC_MSGSEND = YES;
				ENABLE_TESTABILITY = YES;
				GCC_C_LANGUAGE_STANDARD = gnu11;
				GCC_DYNAMIC_NO_PIC = NO;
				GCC_NO_COMMON_BLOCKS = YES;
				GCC_OPTIMIZATION_LEVEL = 0;
				GCC_PREPROCESSOR_DEFINITIONS = (
					"DEBUG=1",
					"$(inherited)",
				);
				GCC_WARN_64_TO_32_BIT_CONVERSION = YES;
				GCC_WARN_ABOUT_RETURN_TYPE = YES_ERROR;
				GCC_WARN_UNDECLARED_SELECTOR = YES;
				GCC_WARN_UNINITIALIZED_AUTOS = YES_AGGRESSIVE;
				GCC_WARN_UNUSED_FUNCTION = YES;
				GCC_WARN_UNUSED_VARIABLE = YES;
				IPHONEOS_DEPLOYMENT_TARGET = 16.4;
				MTL_ENABLE_DEBUG_INFO = INCLUDE_SOURCE;
				MTL_FAST_MATH = YES;
				ONLY_ACTIVE_ARCH = YES;
				SDKROOT = iphoneos;
				SWIFT_ACTIVE_COMPILATION_CONDITIONS = DEBUG;
				SWIFT_OPTIMIZATION_LEVEL = "-Onone";
			};
			name = Debug;
		};
		EE9F1D8629FC327C0037E458 /* Release */ = {
			isa = XCBuildConfiguration;
			buildSettings = {
				ALWAYS_SEARCH_USER_PATHS = NO;
				CLANG_ANALYZER_NONNULL = YES;
				CLANG_ANALYZER_NUMBER_OBJECT_CONVERSION = YES_AGGRESSIVE;
				CLANG_CXX_LANGUAGE_STANDARD = "gnu++20";
				CLANG_ENABLE_MODULES = YES;
				CLANG_ENABLE_OBJC_ARC = YES;
				CLANG_ENABLE_OBJC_WEAK = YES;
				CLANG_WARN_BLOCK_CAPTURE_AUTORELEASING = YES;
				CLANG_WARN_BOOL_CONVERSION = YES;
				CLANG_WARN_COMMA = YES;
				CLANG_WARN_CONSTANT_CONVERSION = YES;
				CLANG_WARN_DEPRECATED_OBJC_IMPLEMENTATIONS = YES;
				CLANG_WARN_DIRECT_OBJC_ISA_USAGE = YES_ERROR;
				CLANG_WARN_DOCUMENTATION_COMMENTS = YES;
				CLANG_WARN_EMPTY_BODY = YES;
				CLANG_WARN_ENUM_CONVERSION = YES;
				CLANG_WARN_INFINITE_RECURSION = YES;
				CLANG_WARN_INT_CONVERSION = YES;
				CLANG_WARN_NON_LITERAL_NULL_CONVERSION = YES;
				CLANG_WARN_OBJC_IMPLICIT_RETAIN_SELF = YES;
				CLANG_WARN_OBJC_LITERAL_CONVERSION = YES;
				CLANG_WARN_OBJC_ROOT_CLASS = YES_ERROR;
				CLANG_WARN_QUOTED_INCLUDE_IN_FRAMEWORK_HEADER = YES;
				CLANG_WARN_RANGE_LOOP_ANALYSIS = YES;
				CLANG_WARN_STRICT_PROTOTYPES = YES;
				CLANG_WARN_SUSPICIOUS_MOVE = YES;
				CLANG_WARN_UNGUARDED_AVAILABILITY = YES_AGGRESSIVE;
				CLANG_WARN_UNREACHABLE_CODE = YES;
				CLANG_WARN__DUPLICATE_METHOD_MATCH = YES;
				COPY_PHASE_STRIP = NO;
				DEBUG_INFORMATION_FORMAT = "dwarf-with-dsym";
				ENABLE_NS_ASSERTIONS = NO;
				ENABLE_STRICT_OBJC_MSGSEND = YES;
				GCC_C_LANGUAGE_STANDARD = gnu11;
				GCC_NO_COMMON_BLOCKS = YES;
				GCC_WARN_64_TO_32_BIT_CONVERSION = YES;
				GCC_WARN_ABOUT_RETURN_TYPE = YES_ERROR;
				GCC_WARN_UNDECLARED_SELECTOR = YES;
				GCC_WARN_UNINITIALIZED_AUTOS = YES_AGGRESSIVE;
				GCC_WARN_UNUSED_FUNCTION = YES;
				GCC_WARN_UNUSED_VARIABLE = YES;
				IPHONEOS_DEPLOYMENT_TARGET = 16.4;
				MTL_ENABLE_DEBUG_INFO = NO;
				MTL_FAST_MATH = YES;
				SDKROOT = iphoneos;
				SWIFT_COMPILATION_MODE = wholemodule;
				SWIFT_OPTIMIZATION_LEVEL = "-O";
				VALIDATE_PRODUCT = YES;
			};
			name = Release;
		};
		EE9F1D8829FC327C0037E458 /* Debug */ = {
			isa = XCBuildConfiguration;
			buildSettings = {
				ASSETCATALOG_COMPILER_APPICON_NAME = AppIcon;
				ASSETCATALOG_COMPILER_GLOBAL_ACCENT_COLOR_NAME = AccentColor;
				CODE_SIGN_STYLE = Automatic;
				CURRENT_PROJECT_VERSION = 1;
				DEVELOPMENT_ASSET_PATHS = "\"CoffeeGit/Preview Content\"";
				ENABLE_PREVIEWS = YES;
				GENERATE_INFOPLIST_FILE = YES;
				INFOPLIST_KEY_UIApplicationSceneManifest_Generation = YES;
				INFOPLIST_KEY_UIApplicationSupportsIndirectInputEvents = YES;
				INFOPLIST_KEY_UILaunchScreen_Generation = YES;
				INFOPLIST_KEY_UISupportedInterfaceOrientations_iPad = "UIInterfaceOrientationPortrait UIInterfaceOrientationPortraitUpsideDown UIInterfaceOrientationLandscapeLeft UIInterfaceOrientationLandscapeRight";
				INFOPLIST_KEY_UISupportedInterfaceOrientations_iPhone = "UIInterfaceOrientationPortrait UIInterfaceOrientationLandscapeLeft UIInterfaceOrientationLandscapeRight";
				LD_RUNPATH_SEARCH_PATHS = (
					"$(inherited)",
					"@executable_path/Frameworks",
				);
				MARKETING_VERSION = 1.0;
				PRODUCT_BUNDLE_IDENTIFIER = kellenceriani.CoffeeGit;
				PRODUCT_NAME = "$(TARGET_NAME)";
				SWIFT_EMIT_LOC_STRINGS = YES;
				SWIFT_VERSION = 5.0;
				TARGETED_DEVICE_FAMILY = "1,2";
			};
			name = Debug;
		};
		EE9F1D8929FC327C0037E458 /* Release */ = {
			isa = XCBuildConfiguration;
			buildSettings = {
				ASSETCATALOG_COMPILER_APPICON_NAME = AppIcon;
				ASSETCATALOG_COMPILER_GLOBAL_ACCENT_COLOR_NAME = AccentColor;
				CODE_SIGN_STYLE = Automatic;
				CURRENT_PROJECT_VERSION = 1;
				DEVELOPMENT_ASSET_PATHS = "\"CoffeeGit/Preview Content\"";
				ENABLE_PREVIEWS = YES;
				GENERATE_INFOPLIST_FILE = YES;
				INFOPLIST_KEY_UIApplicationSceneManifest_Generation = YES;
				INFOPLIST_KEY_UIApplicationSupportsIndirectInputEvents = YES;
				INFOPLIST_KEY_UILaunchScreen_Generation = YES;
				INFOPLIST_KEY_UISupportedInterfaceOrientations_iPad = "UIInterfaceOrientationPortrait UIInterfaceOrientationPortraitUpsideDown UIInterfaceOrientationLandscapeLeft UIInterfaceOrientationLandscapeRight";
				INFOPLIST_KEY_UISupportedInterfaceOrientations_iPhone = "UIInterfaceOrientationPortrait UIInterfaceOrientationLandscapeLeft UIInterfaceOrientationLandscapeRight";
				LD_RUNPATH_SEARCH_PATHS = (
					"$(inherited)",
					"@executable_path/Frameworks",
				);
				MARKETING_VERSION = 1.0;
				PRODUCT_BUNDLE_IDENTIFIER = kellenceriani.CoffeeGit;
				PRODUCT_NAME = "$(TARGET_NAME)";
				SWIFT_EMIT_LOC_STRINGS = YES;
				SWIFT_VERSION = 5.0;
				TARGETED_DEVICE_FAMILY = "1,2";
			};
			name = Release;
		};
		EE9F1D8B29FC327C0037E458 /* Debug */ = {
			isa = XCBuildConfiguration;
			buildSettings = {
				ALWAYS_EMBED_SWIFT_STANDARD_LIBRARIES = YES;
				BUNDLE_LOADER = "$(TEST_HOST)";
				CODE_SIGN_STYLE = Automatic;
				CURRENT_PROJECT_VERSION = 1;
				GENERATE_INFOPLIST_FILE = YES;
				IPHONEOS_DEPLOYMENT_TARGET = 16.4;
				MARKETING_VERSION = 1.0;
				PRODUCT_BUNDLE_IDENTIFIER = kellenceriani.CoffeeGitTests;
				PRODUCT_NAME = "$(TARGET_NAME)";
				SWIFT_EMIT_LOC_STRINGS = NO;
				SWIFT_VERSION = 5.0;
				TARGETED_DEVICE_FAMILY = "1,2";
				TEST_HOST = "$(BUILT_PRODUCTS_DIR)/CoffeeGit.app/$(BUNDLE_EXECUTABLE_FOLDER_PATH)/CoffeeGit";
			};
			name = Debug;
		};
		EE9F1D8C29FC327C0037E458 /* Release */ = {
			isa = XCBuildConfiguration;
			buildSettings = {
				ALWAYS_EMBED_SWIFT_STANDARD_LIBRARIES = YES;
				BUNDLE_LOADER = "$(TEST_HOST)";
				CODE_SIGN_STYLE = Automatic;
				CURRENT_PROJECT_VERSION = 1;
				GENERATE_INFOPLIST_FILE = YES;
				IPHONEOS_DEPLOYMENT_TARGET = 16.4;
				MARKETING_VERSION = 1.0;
				PRODUCT_BUNDLE_IDENTIFIER = kellenceriani.CoffeeGitTests;
				PRODUCT_NAME = "$(TARGET_NAME)";
				SWIFT_EMIT_LOC_STRINGS = NO;
				SWIFT_VERSION = 5.0;
				TARGETED_DEVICE_FAMILY = "1,2";
				TEST_HOST = "$(BUILT_PRODUCTS_DIR)/CoffeeGit.app/$(BUNDLE_EXECUTABLE_FOLDER_PATH)/CoffeeGit";
			};
			name = Release;
		};
		EE9F1D8E29FC327C0037E458 /* Debug */ = {
			isa = XCBuildConfiguration;
			buildSettings = {
				ALWAYS_EMBED_SWIFT_STANDARD_LIBRARIES = YES;
				CODE_SIGN_STYLE = Automatic;
				CURRENT_PROJECT_VERSION = 1;
				GENERATE_INFOPLIST_FILE = YES;
				MARKETING_VERSION = 1.0;
				PRODUCT_BUNDLE_IDENTIFIER = kellenceriani.CoffeeGitUITests;
				PRODUCT_NAME = "$(TARGET_NAME)";
				SWIFT_EMIT_LOC_STRINGS = NO;
				SWIFT_VERSION = 5.0;
				TARGETED_DEVICE_FAMILY = "1,2";
				TEST_TARGET_NAME = CoffeeGit;
			};
			name = Debug;
		};
		EE9F1D8F29FC327C0037E458 /* Release */ = {
			isa = XCBuildConfiguration;
			buildSettings = {
				ALWAYS_EMBED_SWIFT_STANDARD_LIBRARIES = YES;
				CODE_SIGN_STYLE = Automatic;
				CURRENT_PROJECT_VERSION = 1;
				GENERATE_INFOPLIST_FILE = YES;
				MARKETING_VERSION = 1.0;
				PRODUCT_BUNDLE_IDENTIFIER = kellenceriani.CoffeeGitUITests;
				PRODUCT_NAME = "$(TARGET_NAME)";
				SWIFT_EMIT_LOC_STRINGS = NO;
				SWIFT_VERSION = 5.0;
				TARGETED_DEVICE_FAMILY = "1,2";
				TEST_TARGET_NAME = CoffeeGit;
			};
			name = Release;
		};
/* End XCBuildConfiguration section */

/* Begin XCConfigurationList section */
		EE9F1D5E29FC327B0037E458 /* Build configuration list for PBXProject "CoffeeGit" */ = {
			isa = XCConfigurationList;
			buildConfigurations = (
				EE9F1D8529FC327C0037E458 /* Debug */,
				EE9F1D8629FC327C0037E458 /* Release */,
			);
			defaultConfigurationIsVisible = 0;
			defaultConfigurationName = Release;
		};
		EE9F1D8729FC327C0037E458 /* Build configuration list for PBXNativeTarget "CoffeeGit" */ = {
			isa = XCConfigurationList;
			buildConfigurations = (
				EE9F1D8829FC327C0037E458 /* Debug */,
				EE9F1D8929FC327C0037E458 /* Release */,
			);
			defaultConfigurationIsVisible = 0;
			defaultConfigurationName = Release;
		};
		EE9F1D8A29FC327C0037E458 /* Build configuration list for PBXNativeTarget "CoffeeGitTests" */ = {
			isa = XCConfigurationList;
			buildConfigurations = (
				EE9F1D8B29FC327C0037E458 /* Debug */,
				EE9F1D8C29FC327C0037E458 /* Release */,
			);
			defaultConfigurationIsVisible = 0;
			defaultConfigurationName = Release;
		};
		EE9F1D8D29FC327C0037E458 /* Build configuration list for PBXNativeTarget "CoffeeGitUITests" */ = {
			isa = XCConfigurationList;
			buildConfigurations = (
				EE9F1D8E29FC327C0037E458 /* Debug */,
				EE9F1D8F29FC327C0037E458 /* Release */,
			);
			defaultConfigurationIsVisible = 0;
			defaultConfigurationName = Release;
		};
/* End XCConfigurationList section */
	};
	rootObject = EE9F1D5B29FC327B0037E458 /* Project object */;
}
